{
	"_OFProjectGeneratorVersion": "0.103.0",
	"archiveVersion": "1",
	"classes": {},
	"objectVersion": "54",
	"objects": {
		"A12000000000000000000001": {
			"fileRef": "A12000000000000000000002",
			"isa": "PBXBuildFile"
		},
		"A12000000000000000000002": {
			"fileEncoding": "4",
			"isa": "PBXFileReference",
			"lastKnownFileType": "sourcecode.cpp.cpp",
			"name": "mirrorControls.cpp",
			"sourceTree": "<group>"
		},
		"A12000000000000000000003": {
			"fileEncoding": "4",
			"isa": "PBXFileReference",
			"lastKnownFileType": "sourcecode.cpp.h",
			"name": "mirrorControls.h",
			"sourceTree": "<group>"
		},
		"A12000000000000000000004": {
			"children": [
				"A12000000000000000000002",
				"A12000000000000000000003"
			],
			"isa": "PBXGroup",
			"name": "controls",
			"path": "controls",
			"sourceTree": "<group>"
		},
		"A11000000000000000000001": {
			"fileRef": "A11000000000000000000002",
			"isa": "PBXBuildFile"
		},
		"A11000000000000000000002": {
			"fileEncoding": "4",
			"isa": "PBXFileReference",
			"lastKnownFileType": "sourcecode.cpp.cpp",
			"name": "mirrorRegions.cpp",
			"sourceTree": "<group>"
		},
		"A11000000000000000000003": {
			"fileEncoding": "4",
			"isa": "PBXFileReference",
			"lastKnownFileType": "sourcecode.cpp.h",
			"name": "mirrorRegions.h",
			"sourceTree": "<group>"
		},
		"A11000000000000000000004": {
			"children": [
				"A11000000000000000000002",
				"A11000000000000000000003"
			],
			"isa": "PBXGroup",
			"name": "view",
			"path": "view",
			"sourceTree": "<group>"
		},
		"0352E7AD-25D0-481B-A347-129932BA7FBB": {
			"fileRef": "EDF2C2CF-19DA-4945-8308-07AFF4F0B1BA",
			"isa": "PBXBuildFile"
		},
		"04792E29-3F7F-4610-978C-DFEF1D264883": {
			"fileEncoding": "4",
			"isa": "PBXFileReference",
			"lastKnownFileType": "sourcecode.cpp.h",
			"name": "ofxColorPicker.h",
			"sourceTree": "<group>"
		},
		"0918F1AE-24BE-4FAE-96B3-F194401624F2": {
			"fileEncoding": "4",
			"isa": "PBXFileReference",
			"lastKnownFileType": "sourcecode.cpp.cpp",
			"name": "ofxInputField.cpp",
			"sourceTree": "<group>"
		},
		"096B9C87-F49D-4DFA-A1F3-203EF3F5A18A": {
			"fileRef": "EA224CC7-04B4-42D3-B4C9-9311F06AF6EB",
			"isa": "PBXBuildFile"
		},
		"0981FBAD-F6B8-458E-AF0D-60607F57058A": {
			"fileRef": "7FA97C71-4D06-47D0-8B51-45551E27206C",
			"isa": "PBXBuildFile"
		},
		"0A96FBC1-840A-469A-8B8A-9DE2282284DF": {
			"fileRef": "66C227AA-B3D7-49A7-97BF-14132D0B07B1",
			"isa": "PBXBuildFile"
		},
		"191CD6FA2847E21E0085CBB6": {
			"fileEncoding": "4",
			"isa": "PBXFileReference",
			"lastKnownFileType": "text.plist.entitlements",
			"path": "of.entitlements",
			"sourceTree": "<group>"
		},
		"191EF70929D778A400F35F26": {
			"isa": "PBXFileReference",
			"lastKnownFileType": "folder",
			"name": "openFrameworks",
			"path": "../../../libs/openFrameworks",
			"sourceTree": "SOURCE_ROOT"
		},
		"19B789C429E5AB4A0082E9B8": {
			"alwaysOutOfDate": "1",
			"buildActionMask": "2147483647",
			"files": [],
			"inputFileListPaths": [],
			"inputPaths": [],
			"isa": "PBXShellScriptBuildPhase",
			"outputFileListPaths": [],
			"outputPaths": [],
			"runOnlyForDeploymentPostprocessing": "0",
			"shellPath": "/bin/sh",
			"shellScript": "\"$OF_PATH/scripts/osx/xcode_project.sh\"\n",
			"showEnvVarsInLog": "0"
		},
		"1A5282F3-EB74-442E-BE47-89AE5463983A": {
			"fileEncoding": "4",
			"isa": "PBXFileReference",
			"lastKnownFileType": "sourcecode.cpp.cpp",
			"name": "ofxColorPicker.cpp",
			"sourceTree": "<group>"
		},
		"20FC7278-50A6-4DFA-8CCD-AB58A539406C": {
			"fileRef": "1A5282F3-EB74-442E-BE47-89AE5463983A",
			"isa": "PBXBuildFile"
		},
		"25E5C4DF-5270-44DA-9661-05835D35B17A": {
			"fileEncoding": "4",
			"isa": "PBXFileReference",
			"lastKnownFileType": "sourcecode.cpp.h",
			"name": "ofxToggle.h",
			"sourceTree": "<group>"
		},
		"269881DB-1CEB-4C8F-9236-94FD3126B68F": {
			"children": [
				"BFFCC8F5-E3EE-4394-B0C5-6FE82CFCAED5",
				"40915F59-C339-4EC8-8071-0DB761D0A6C2"
			],
			"isa": "PBXGroup",
			"name": "capture",
			"path": "capture",
			"sourceTree": "<group>"
		},
		"38ABFBF3-8471-4398-93CB-B4B26FBAA9A9": {
			"fileEncoding": "4",
			"isa": "PBXFileReference",
			"lastKnownFileType": "sourcecode.cpp.h",
			"name": "ofxGuiUtils.h",
			"sourceTree": "<group>"
		},
		"40915F59-C339-4EC8-8071-0DB761D0A6C2": {
			"fileEncoding": "4",
			"isa": "PBXFileReference",
			"lastKnownFileType": "sourcecode.cpp.h",
			"name": "captureRGB.h",
			"sourceTree": "<group>"
		},
		"4C070FD6-D37E-444A-B3E9-B76D551BAD7B": {
			"fileEncoding": "4",
			"isa": "PBXFileReference",
			"lastKnownFileType": "sourcecode.cpp.cpp",
			"name": "ofxPanel.cpp",
			"sourceTree": "<group>"
		},
		"50A9F093-152F-4347-93F7-A432B9500B07": {
			"fileEncoding": "4",
			"isa": "PBXFileReference",
			"lastKnownFileType": "sourcecode.cpp.h",
			"name": "ofxBaseGui.h",
			"sourceTree": "<group>"
		},
		"5164EAF9-01E5-4352-9C14-B89D4285C853": {
			"children": [
				"FD536444-8394-48B2-8892-39ED3BB3CE7E"
			],
			"isa": "PBXGroup",
			"name": "ofxGui",
			"path": "ofxGui",
			"sourceTree": "<group>"
		},
		"66C227AA-B3D7-49A7-97BF-14132D0B07B1": {
			"fileEncoding": "4",
			"isa": "PBXFileReference",
			"lastKnownFileType": "sourcecode.cpp.cpp",
			"name": "ofxToggle.cpp",
			"sourceTree": "<group>"
		},
		"797F6815-5018-4BAB-88FA-332C96ED9229": {
			"fileEncoding": "4",
			"isa": "PBXFileReference",
			"lastKnownFileType": "sourcecode.cpp.cpp",
			"name": "ofxButton.cpp",
			"sourceTree": "<group>"
		},
		"7FA97C71-4D06-47D0-8B51-45551E27206C": {
			"fileEncoding": "4",
			"isa": "PBXFileReference",
			"lastKnownFileType": "sourcecode.cpp.cpp",
			"name": "ofxLabel.cpp",
			"sourceTree": "<group>"
		},
		"8C20568B-C266-41B9-B04B-D652420A24C2": {
			"fileRef": "AE17BA31-DA94-432D-B628-132A4763AB80",
			"isa": "PBXBuildFile"
		},
		"93B6ECF4-0B17-4A1E-99DC-4250B5809B17": {
			"fileRef": "4C070FD6-D37E-444A-B3E9-B76D551BAD7B",
			"isa": "PBXBuildFile"
		},
		"9D4DF313-EE85-412E-B9E4-25A0DDFC1061": {
			"fileEncoding": "4",
			"isa": "PBXFileReference",
			"lastKnownFileType": "sourcecode.cpp.h",
			"name": "ofxInputField.h",
			"sourceTree": "<group>"
		},
		"AAA237AF-69F4-45C1-A80D-77E0CFB523F1": {
			"fileEncoding": "4",
			"isa": "PBXFileReference",
			"lastKnownFileType": "folder",
			"name": "data",
			"path": "bin/data",
			"sourceTree": "SOURCE_ROOT"
		},
		"AD23F7FF-1967-4F33-8FBE-EED70B21E513": {
			"fileRef": "0918F1AE-24BE-4FAE-96B3-F194401624F2",
			"isa": "PBXBuildFile"
		},
		"ADC2AC50-76F1-43AC-AA47-275757B18180": {
			"fileEncoding": "4",
			"isa": "PBXFileReference",
			"lastKnownFileType": "sourcecode.cpp.h",
			"name": "ofxButton.h",
			"sourceTree": "<group>"
		},
		"AE17BA31-DA94-432D-B628-132A4763AB80": {
			"fileEncoding": "4",
			"isa": "PBXFileReference",
			"lastKnownFileType": "sourcecode.cpp.cpp",
			"name": "ofxSliderGroup.cpp",
			"sourceTree": "<group>"
		},
		"B006ECD8-932F-4BC4-991A-BC54E71AD1B0": {
			"fileRef": "F3CBE55B-5A56-41E5-BD07-093BC4EF725C",
			"isa": "PBXBuildFile"
		},
		"B1A39A15-E1ED-4536-9953-CC1823FD911D": {
			"fileEncoding": "4",
			"isa": "PBXFileReference",
			"lastKnownFileType": "sourcecode.cpp.h",
			"name": "ofxGuiGroup.h",
			"sourceTree": "<group>"
		},
		"B5D878EC-B823-4B34-9BC4-CBC0F79F5406": {
			"fileEncoding": "4",
			"isa": "PBXFileReference",
			"lastKnownFileType": "sourcecode.cpp.h",
			"name": "ofxPanel.h",
			"sourceTree": "<group>"
		},
		"BAF515D8-A71B-470F-A4E7-7FAB9073871F": {
			"fileRef": "BFFCC8F5-E3EE-4394-B0C5-6FE82CFCAED5",
			"isa": "PBXBuildFile"
		},
		"BB4B014C10F69532006C3DED": {
			"children": [
				"5164EAF9-01E5-4352-9C14-B89D4285C853"
			],
			"isa": "PBXGroup",
			"name": "addons",
			"path": "../../../addons",
			"sourceTree": "SOURCE_ROOT"
		},
		"BFFCC8F5-E3EE-4394-B0C5-6FE82CFCAED5": {
			"fileEncoding": "4",
			"isa": "PBXFileReference",
			"lastKnownFileType": "sourcecode.cpp.cpp",
			"name": "captureRGB.cpp",
			"sourceTree": "<group>"
		},
		"E42962A92163ECCD00A6A9E2": {
			"alwaysOutOfDate": "1",
			"buildActionMask": "2147483647",
			"files": [],
			"inputPaths": [],
			"isa": "PBXShellScriptBuildPhase",
			"name": "Run Script — Compile OF",
			"outputPaths": [],
			"runOnlyForDeploymentPostprocessing": "0",
			"shellPath": "/bin/sh",
			"shellScript": "$OF_CORE_BUILD_COMMAND\n",
			"showEnvVarsInLog": "0"
		},
		"E4A5B60F29BAAAE400C2D356": {
			"buildActionMask": "2147483647",
			"dstPath": "",
			"dstSubfolderSpec": "6",
			"files": [],
			"isa": "PBXCopyFilesBuildPhase",
			"runOnlyForDeploymentPostprocessing": "0"
		},
		"E4B69B4A0A3A1720003C02F2": {
			"children": [
				"191CD6FA2847E21E0085CBB6",
				"E4B6FCAD0C3E899E008CF71C",
				"E4EB6923138AFD0F00A09F29",
				"E4B69E1C0A3A1BDC003C02F2",
				"191EF70929D778A400F35F26",
				"BB4B014C10F69532006C3DED",
				"E4B69B5B0A3A1756003C02F2",
				"AAA237AF-69F4-45C1-A80D-77E0CFB523F1"
			],
			"isa": "PBXGroup",
			"sourceTree": "<group>"
		},
		"E4B69B4C0A3A1720003C02F2": {
			"attributes": {
				"BuildIndependentTargetsInParallel": "YES",
				"LastUpgradeCheck": "1540"
			},
			"buildConfigurationList": "E4B69B4D0A3A1720003C02F2",
			"compatibilityVersion": "Xcode 3.2",
			"developmentRegion": "en",
			"hasScannedForEncodings": "0",
			"isa": "PBXProject",
			"knownRegions": [
				"en",
				"Base"
			],
			"mainGroup": "E4B69B4A0A3A1720003C02F2",
			"productRefGroup": "E4B69B4A0A3A1720003C02F2",
			"projectDirPath": "",
			"projectRoot": "",
			"targets": [
				"E4B69B5A0A3A1756003C02F2"
			]
		},
		"E4B69B4D0A3A1720003C02F2": {
			"buildConfigurations": [
				"E4B69B4E0A3A1720003C02F2",
				"E4B69B4F0A3A1720003C02F2"
			],
			"defaultConfigurationIsVisible": "0",
			"defaultConfigurationName": "Release",
			"isa": "XCConfigurationList"
		},
		"E4B69B4E0A3A1720003C02F2": {
			"baseConfigurationReference": "E4EB6923138AFD0F00A09F29",
			"buildSettings": {
				"CODE_SIGN_ENTITLEMENTS": "of.entitlements",
				"COPY_PHASE_STRIP": "NO",
				"ENABLE_TESTABILITY": "YES",
				"GCC_OPTIMIZATION_LEVEL": "0",
				"GCC_WARN_UNUSED_VARIABLE": "NO",
				"HEADER_SEARCH_PATHS": [
					"$(OF_CORE_HEADERS)",
					"src"
				],
				"OTHER_CPLUSPLUSFLAGS": "-D__MACOSX_CORE__"
			},
			"isa": "XCBuildConfiguration",
			"name": "Debug"
		},
		"E4B69B4F0A3A1720003C02F2": {
			"baseConfigurationReference": "E4EB6923138AFD0F00A09F29",
			"buildSettings": {
				"CODE_SIGN_ENTITLEMENTS": "of.entitlements",
				"COPY_PHASE_STRIP": "YES",
				"GCC_OPTIMIZATION_LEVEL": "3",
				"GCC_UNROLL_LOOPS": "YES",
				"HEADER_SEARCH_PATHS": [
					"$(OF_CORE_HEADERS)",
					"src"
				],
				"OTHER_CPLUSPLUSFLAGS": "-D__MACOSX_CORE__"
			},
			"isa": "XCBuildConfiguration",
			"name": "Release"
		},
		"E4B69B580A3A1756003C02F2": {
			"buildActionMask": "2147483647",
			"files": [
				"E4B69E200A3A1BDC003C02F2",
				"E4B69E210A3A1BDC003C02F2",
				"BAF515D8-A71B-470F-A4E7-7FAB9073871F",
				"A11000000000000000000001",
				"A12000000000000000000001",
				"096B9C87-F49D-4DFA-A1F3-203EF3F5A18A",
				"E975C1EE-2241-493B-8659-8A9DF5492D4E",
				"20FC7278-50A6-4DFA-8CCD-AB58A539406C",
				"B006ECD8-932F-4BC4-991A-BC54E71AD1B0",
				"AD23F7FF-1967-4F33-8FBE-EED70B21E513",
				"0981FBAD-F6B8-458E-AF0D-60607F57058A",
				"93B6ECF4-0B17-4A1E-99DC-4250B5809B17",
				"0352E7AD-25D0-481B-A347-129932BA7FBB",
				"8C20568B-C266-41B9-B04B-D652420A24C2",
				"0A96FBC1-840A-469A-8B8A-9DE2282284DF"
			],
			"isa": "PBXSourcesBuildPhase",
			"runOnlyForDeploymentPostprocessing": "0"
		},
		"E4B69B590A3A1756003C02F2": {
			"buildActionMask": "2147483647",
			"files": [],
			"isa": "PBXFrameworksBuildPhase",
			"runOnlyForDeploymentPostprocessing": "0"
		},
		"E4B69B5A0A3A1756003C02F2": {
			"buildConfigurationList": "E4B69B5F0A3A1757003C02F2",
			"buildPhases": [
				"E42962A92163ECCD00A6A9E2",
				"E4B69B580A3A1756003C02F2",
				"E4B69B590A3A1756003C02F2",
				"E4C2427710CC5ABF004149E2",
				"E4A5B60F29BAAAE400C2D356",
				"19B789C429E5AB4A0082E9B8"
			],
			"buildRules": [],
			"dependencies": [],
			"isa": "PBXNativeTarget",
			"name": "AugmentedRealityMirrorRGB",
			"productName": "myOFApp",
			"productReference": "E4B69B5B0A3A1756003C02F2",
			"productType": "com.apple.product-type.application"
		},
		"E4B69B5B0A3A1756003C02F2": {
			"explicitFileType": "wrapper.application",
			"includeInIndex": "0",
			"isa": "PBXFileReference",
			"path": "AugmentedRealityMirrorRGBDebug.app",
			"sourceTree": "BUILT_PRODUCTS_DIR"
		},
		"E4B69B5F0A3A1757003C02F2": {
			"buildConfigurations": [
				"E4B69B600A3A1757003C02F2",
				"E4B69B610A3A1757003C02F2"
			],
			"defaultConfigurationIsVisible": "0",
			"defaultConfigurationName": "Release",
			"isa": "XCConfigurationList"
		},
		"E4B69B600A3A1757003C02F2": {
			"baseConfigurationReference": "E4EB6923138AFD0F00A09F29",
			"buildSettings": {
				"ARCHS": "$(ARCHS_STANDARD)",
				"COPY_PHASE_STRIP": "NO",
				"FRAMEWORK_SEARCH_PATHS": "$(inherited)",
				"GCC_DYNAMIC_NO_PIC": "NO",
				"HEADER_SEARCH_PATHS": [
					"$(OF_CORE_HEADERS)",
					"src",
					"src",
					"src/capture",
					"../../../addons/ofxGui/src"
				],
				"LIBRARY_SEARCH_PATHS": "$(inherited)",
				"OTHER_LDFLAGS": [
					"$(OF_CORE_LIBS)",
					"$(OF_CORE_FRAMEWORKS)",
					"$(LIB_OF_DEBUG)"
				]
			},
			"isa": "XCBuildConfiguration",
			"name": "Debug"
		},
		"E4B69B610A3A1757003C02F2": {
			"baseConfigurationReference": "E4EB6923138AFD0F00A09F29",
			"buildSettings": {
				"ARCHS": "$(ARCHS_STANDARD)",
				"COPY_PHASE_STRIP": "YES",
				"FRAMEWORK_SEARCH_PATHS": "$(inherited)",
				"HEADER_SEARCH_PATHS": [
					"$(OF_CORE_HEADERS)",
					"src",
					"src",
					"src/capture",
					"../../../addons/ofxGui/src"
				],
				"LIBRARY_SEARCH_PATHS": "$(inherited)",
				"OTHER_LDFLAGS": [
					"$(OF_CORE_LIBS)",
					"$(OF_CORE_FRAMEWORKS)",
					"$(LIB_OF_RELEASE)"
				],
				"baseConfigurationReference": "E4EB6923138AFD0F00A09F29"
			},
			"isa": "XCBuildConfiguration",
			"name": "Release"
		},
		"E4B69E1C0A3A1BDC003C02F2": {
			"children": [
				"E4B69E1D0A3A1BDC003C02F2",
				"E4B69E1E0A3A1BDC003C02F2",
				"E4B69E1F0A3A1BDC003C02F2",
				"269881DB-1CEB-4C8F-9236-94FD3126B68F",
				"A11000000000000000000004",
				"A12000000000000000000004"
			],
			"isa": "PBXGroup",
			"path": "src",
			"sourceTree": "SOURCE_ROOT"
		},
		"E4B69E1D0A3A1BDC003C02F2": {
			"fileEncoding": "4",
			"isa": "PBXFileReference",
			"lastKnownFileType": "sourcecode.cpp.cpp",
			"name": "main.cpp",
			"path": "src/main.cpp",
			"sourceTree": "SOURCE_ROOT"
		},
		"E4B69E1E0A3A1BDC003C02F2": {
			"explicitFileType": "sourcecode.cpp.cpp",
			"fileEncoding": "4",
			"isa": "PBXFileReference",
			"name": "ofApp.cpp",
			"path": "src/ofApp.cpp",
			"sourceTree": "SOURCE_ROOT"
		},
		"E4B69E1F0A3A1BDC003C02F2": {
			"fileEncoding": "4",
			"isa": "PBXFileReference",
			"lastKnownFileType": "sourcecode.c.h",
			"name": "ofApp.h",
			"path": "src/ofApp.h",
			"sourceTree": "SOURCE_ROOT"
		},
		"E4B69E200A3A1BDC003C02F2": {
			"fileRef": "E4B69E1D0A3A1BDC003C02F2",
			"isa": "PBXBuildFile"
		},
		"E4B69E210A3A1BDC003C02F2": {
			"fileRef": "E4B69E1E0A3A1BDC003C02F2",
			"isa": "PBXBuildFile"
		},
		"E4B6FCAD0C3E899E008CF71C": {
			"fileEncoding": "4",
			"isa": "PBXFileReference",
			"lastKnownFileType": "text.plist.xml",
			"path": "openFrameworks-Info.plist",
			"sourceTree": "<group>"
		},
		"E4C2427710CC5ABF004149E2": {
			"buildActionMask": "2147483647",
			"dstPath": "",
			"dstSubfolderSpec": "10",
			"files": [],
			"isa": "PBXCopyFilesBuildPhase",
			"runOnlyForDeploymentPostprocessing": "0"
		},
		"E4EB6923138AFD0F00A09F29": {
			"fileEncoding": "4",
			"isa": "PBXFileReference",
			"lastKnownFileType": "text.xcconfig",
			"path": "Project.xcconfig",
			"sourceTree": "<group>"
		},
		"E975C1EE-2241-493B-8659-8A9DF5492D4E": {
			"fileRef": "797F6815-5018-4BAB-88FA-332C96ED9229",
			"isa": "PBXBuildFile"
		},
		"EA224CC7-04B4-42D3-B4C9-9311F06AF6EB": {
			"fileEncoding": "4",
			"isa": "PBXFileReference",
			"lastKnownFileType": "sourcecode.cpp.cpp",
			"name": "ofxBaseGui.cpp",
			"sourceTree": "<group>"
		},
		"EDF2C2CF-19DA-4945-8308-07AFF4F0B1BA": {
			"fileEncoding": "4",
			"isa": "PBXFileReference",
			"lastKnownFileType": "sourcecode.cpp.cpp",
			"name": "ofxSlider.cpp",
			"sourceTree": "<group>"
		},
		"F3CBE55B-5A56-41E5-BD07-093BC4EF725C": {
			"fileEncoding": "4",
			"isa": "PBXFileReference",
			"lastKnownFileType": "sourcecode.cpp.cpp",
			"name": "ofxGuiGroup.cpp",
			"sourceTree": "<group>"
		},
		"F4CA397D-9A28-4A09-9763-BE6FFD3ECC8E": {
			"fileEncoding": "4",
			"isa": "PBXFileReference",
			"lastKnownFileType": "sourcecode.cpp.h",
			"name": "ofxLabel.h",
			"sourceTree": "<group>"
		},
		"F7525474-84C9-41A7-A362-43BA1BFD369E": {
			"fileEncoding": "4",
			"isa": "PBXFileReference",
			"lastKnownFileType": "sourcecode.cpp.h",
			"name": "ofxSliderGroup.h",
			"sourceTree": "<group>"
		},
		"FA7EF620-7DD4-4A2E-8D71-39045EDD6F5D": {
			"fileEncoding": "4",
			"isa": "PBXFileReference",
			"lastKnownFileType": "sourcecode.cpp.h",
			"name": "ofxSlider.h",
			"sourceTree": "<group>"
		},
		"FBCA3BDE-940A-46ED-AF55-4240A6F58AB6": {
			"fileEncoding": "4",
			"isa": "PBXFileReference",
			"lastKnownFileType": "sourcecode.cpp.h",
			"name": "ofxGui.h",
			"sourceTree": "<group>"
		},
		"FD536444-8394-48B2-8892-39ED3BB3CE7E": {
			"children": [
				"EA224CC7-04B4-42D3-B4C9-9311F06AF6EB",
				"50A9F093-152F-4347-93F7-A432B9500B07",
				"797F6815-5018-4BAB-88FA-332C96ED9229",
				"ADC2AC50-76F1-43AC-AA47-275757B18180",
				"1A5282F3-EB74-442E-BE47-89AE5463983A",
				"04792E29-3F7F-4610-978C-DFEF1D264883",
				"FBCA3BDE-940A-46ED-AF55-4240A6F58AB6",
				"F3CBE55B-5A56-41E5-BD07-093BC4EF725C",
				"B1A39A15-E1ED-4536-9953-CC1823FD911D",
				"38ABFBF3-8471-4398-93CB-B4B26FBAA9A9",
				"0918F1AE-24BE-4FAE-96B3-F194401624F2",
				"9D4DF313-EE85-412E-B9E4-25A0DDFC1061",
				"7FA97C71-4D06-47D0-8B51-45551E27206C",
				"F4CA397D-9A28-4A09-9763-BE6FFD3ECC8E",
				"4C070FD6-D37E-444A-B3E9-B76D551BAD7B",
				"B5D878EC-B823-4B34-9BC4-CBC0F79F5406",
				"EDF2C2CF-19DA-4945-8308-07AFF4F0B1BA",
				"FA7EF620-7DD4-4A2E-8D71-39045EDD6F5D",
				"AE17BA31-DA94-432D-B628-132A4763AB80",
				"F7525474-84C9-41A7-A362-43BA1BFD369E",
				"66C227AA-B3D7-49A7-97BF-14132D0B07B1",
				"25E5C4DF-5270-44DA-9661-05835D35B17A"
			],
			"isa": "PBXGroup",
			"name": "src",
			"path": "src",
			"sourceTree": "<group>"
		}
	},
	"rootObject": "E4B69B4C0A3A1720003C02F2"
}